
Microsoft Visual Studio Solution File, Format Version 12.00
# Visual Studio 2015
Project("{FAE04EC0-301F-11D3-BF4B-00C04F79EFBC}") = "Skybox.CSharp.Plugins", "Skybox.CSharp.Plugins.csproj", "{8E868A9C-C28B-EBE6-880E-83EBF2920BB1}"
EndProject
Project("{FAE04EC0-301F-11D3-BF4B-00C04F79EFBC}") = "Skybox.CSharp", "Skybox.CSharp.csproj", "{F5E644B7-6A98-1407-BE46-65B0EACF94C4}"
EndProject
Project("{FAE04EC0-301F-11D3-BF4B-00C04F79EFBC}") = "Skybox.CSharp.Editor", "Skybox.CSharp.Editor.csproj", "{702D1D0E-34A6-7FAD-A48B-39E6A6F3A86F}"
EndProject
Global
	GlobalSection(SolutionConfigurationPlatforms) = preSolution
		Debug|Any CPU = Debug|Any CPU
		Release|Any CPU = Release|Any CPU
	EndGlobalSection
	GlobalSection(ProjectConfigurationPlatforms) = postSolution
		{8E868A9C-C28B-EBE6-880E-83EBF2920BB1}.Debug|Any CPU.ActiveCfg = Debug|Any CPU
		{8E868A9C-C28B-EBE6-880E-83EBF2920BB1}.Debug|Any CPU.Build.0 = Debug|Any CPU
		{8E868A9C-C28B-EBE6-880E-83EBF2920BB1}.Release|Any CPU.ActiveCfg = Release|Any CPU
		{8E868A9C-C28B-EBE6-880E-83EBF2920BB1}.Release|Any CPU.Build.0 = Release|Any CPU
		{F5E644B7-6A98-1407-BE46-65B0EACF94C4}.Debug|Any CPU.ActiveCfg = Debug|Any CPU
		{F5E644B7-6A98-1407-BE46-65B0EACF94C4}.Debug|Any CPU.Build.0 = Debug|Any CPU
		{F5E644B7-6A98-1407-BE46-65B0EACF94C4}.Release|Any CPU.ActiveCfg = Release|Any CPU
		{F5E644B7-6A98-1407-BE46-65B0EACF94C4}.Release|Any CPU.Build.0 = Release|Any CPU
		{702D1D0E-34A6-7FAD-A48B-39E6A6F3A86F}.Debug|Any CPU.ActiveCfg = Debug|Any CPU
		{702D1D0E-34A6-7FAD-A48B-39E6A6F3A86F}.Debug|Any CPU.Build.0 = Debug|Any CPU
		{702D1D0E-34A6-7FAD-A48B-39E6A6F3A86F}.Release|Any CPU.ActiveCfg = Release|Any CPU
		{702D1D0E-34A6-7FAD-A48B-39E6A6F3A86F}.Release|Any CPU.Build.0 = Release|Any CPU
	EndGlobalSection
	GlobalSection(SolutionProperties) = preSolution
		HideSolutionNode = FALSE
	EndGlobalSection
EndGlobal
